// !$*UTF8*$!
{
	archiveVersion = 1;
	classes = {
	};
	objectVersion = 46;
	objects = {

/* Begin PBXBuildFile section */
		A63F82501D6DDEA500AF46DE /* main.m in Sources */ = {isa = PBXBuildFile; fileRef = A63F824F1D6DDEA500AF46DE /* main.m */; };
		A63F82531D6DDEA500AF46DE /* AppDelegate.m in Sources */ = {isa = PBXBuildFile; fileRef = A63F82521D6DDEA500AF46DE /* AppDelegate.m */; };
		A63F82561D6DDEA500AF46DE /* ViewController.m in Sources */ = {isa = PBXBuildFile; fileRef = A63F82551D6DDEA500AF46DE /* ViewController.m */; };
		A63F82591D6DDEA500AF46DE /* Main.storyboard in Resources */ = {isa = PBXBuildFile; fileRef = A63F82571D6DDEA500AF46DE /* Main.storyboard */; };
		A63F825B1D6DDEA500AF46DE /* Assets.xcassets in Resources */ = {isa = PBXBuildFile; fileRef = A63F825A1D6DDEA500AF46DE /* Assets.xcassets */; };
		A63F825E1D6DDEA500AF46DE /* LaunchScreen.storyboard in Resources */ = {isa = PBXBuildFile; fileRef = A63F825C1D6DDEA500AF46DE /* LaunchScreen.storyboard */; };
		A63F82691D6DDEA500AF46DE /* InterruptibleSequencerTests.m in Sources */ = {isa = PBXBuildFile; fileRef = A63F82681D6DDEA500AF46DE /* InterruptibleSequencerTests.m */; };
		A63F82781D6DDEC000AF46DE /* InterruptibleSequencer.m in Sources */ = {isa = PBXBuildFile; fileRef = A63F82751D6DDEC000AF46DE /* InterruptibleSequencer.m */; };
		A63F82791D6DDEC000AF46DE /* Sequencer.m in Sources */ = {isa = PBXBuildFile; fileRef = A63F82771D6DDEC000AF46DE /* Sequencer.m */; };
		A63F827C1D6DE34900AF46DE /* MyInterruptibleSequencer.m in Sources */ = {isa = PBXBuildFile; fileRef = A63F827B1D6DE34900AF46DE /* MyInterruptibleSequencer.m */; };
/* End PBXBuildFile section */

/* Begin PBXContainerItemProxy section */
		A63F82651D6DDEA500AF46DE /* PBXContainerItemProxy */ = {
			isa = PBXContainerItemProxy;
			containerPortal = A63F82431D6DDEA500AF46DE /* Project object */;
			proxyType = 1;
			remoteGlobalIDString = A63F824A1D6DDEA500AF46DE;
			remoteInfo = InterruptibleSequencer;
		};
/* End PBXContainerItemProxy section */

/* Begin PBXFileReference section */
		A63F824B1D6DDEA500AF46DE /* InterruptibleSequencer.app */ = {isa = PBXFileReference; explicitFileType = wrapper.application; includeInIndex = 0; path = InterruptibleSequencer.app; sourceTree = BUILT_PRODUCTS_DIR; };
		A63F824F1D6DDEA500AF46DE /* main.m */ = {isa = PBXFileReference; lastKnownFileType = sourcecode.c.objc; path = main.m; sourceTree = "<group>"; };
		A63F82511D6DDEA500AF46DE /* AppDelegate.h */ = {isa = PBXFileReference; lastKnownFileType = sourcecode.c.h; path = AppDelegate.h; sourceTree = "<group>"; };
		A63F82521D6DDEA500AF46DE /* AppDelegate.m */ = {isa = PBXFileReference; lastKnownFileType = sourcecode.c.objc; path = AppDelegate.m; sourceTree = "<group>"; };
		A63F82541D6DDEA500AF46DE /* ViewController.h */ = {isa = PBXFileReference; lastKnownFileType = sourcecode.c.h; path = ViewController.h; sourceTree = "<group>"; };
		A63F82551D6DDEA500AF46DE /* ViewController.m */ = {isa = PBXFileReference; lastKnownFileType = sourcecode.c.objc; path = ViewController.m; sourceTree = "<group>"; };
		A63F82581D6DDEA500AF46DE /* Base */ = {isa = PBXFileReference; lastKnownFileType = file.storyboard; name = Base; path = Base.lproj/Main.storyboard; sourceTree = "<group>"; };
		A63F825A1D6DDEA500AF46DE /* Assets.xcassets */ = {isa = PBXFileReference; lastKnownFileType = folder.assetcatalog; path = Assets.xcassets; sourceTree = "<group>"; };
		A63F825D1D6DDEA500AF46DE /* Base */ = {isa = PBXFileReference; lastKnownFileType = file.storyboard; name = Base; path = Base.lproj/LaunchScreen.storyboard; sourceTree = "<group>"; };
		A63F825F1D6DDEA500AF46DE /* Info.plist */ = {isa = PBXFileReference; lastKnownFileType = text.plist.xml; path = Info.plist; sourceTree = "<group>"; };
		A63F82641D6DDEA500AF46DE /* InterruptibleSequencerTests.xctest */ = {isa = PBXFileReference; explicitFileType = wrapper.cfbundle; includeInIndex = 0; path = InterruptibleSequencerTests.xctest; sourceTree = BUILT_PRODUCTS_DIR; };
		A63F82681D6DDEA500AF46DE /* InterruptibleSequencerTests.m */ = {isa = PBXFileReference; lastKnownFileType = sourcecode.c.objc; path = InterruptibleSequencerTests.m; sourceTree = "<group>"; };
		A63F826A1D6DDEA500AF46DE /* Info.plist */ = {isa = PBXFileReference; lastKnownFileType = text.plist.xml; path = Info.plist; sourceTree = "<group>"; };
		A63F82741D6DDEC000AF46DE /* InterruptibleSequencer.h */ = {isa = PBXFileReference; fileEncoding = 4; lastKnownFileType = sourcecode.c.h; path = InterruptibleSequencer.h; sourceTree = "<group>"; };
		A63F82751D6DDEC000AF46DE /* InterruptibleSequencer.m */ = {isa = PBXFileReference; fileEncoding = 4; lastKnownFileType = sourcecode.c.objc; path = InterruptibleSequencer.m; sourceTree = "<group>"; };
		A63F82761D6DDEC000AF46DE /* Sequencer.h */ = {isa = PBXFileReference; fileEncoding = 4; lastKnownFileType = sourcecode.c.h; path = Sequencer.h; sourceTree = "<group>"; };
		A63F82771D6DDEC000AF46DE /* Sequencer.m */ = {isa = PBXFileReference; fileEncoding = 4; lastKnownFileType = sourcecode.c.objc; path = Sequencer.m; sourceTree = "<group>"; };
		A63F827A1D6DE34900AF46DE /* MyInterruptibleSequencer.h */ = {isa = PBXFileReference; fileEncoding = 4; lastKnownFileType = sourcecode.c.h; path = MyInterruptibleSequencer.h; sourceTree = "<group>"; };
		A63F827B1D6DE34900AF46DE /* MyInterruptibleSequencer.m */ = {isa = PBXFileReference; fileEncoding = 4; lastKnownFileType = sourcecode.c.objc; path = MyInterruptibleSequencer.m; sourceTree = "<group>"; };
/* End PBXFileReference section */

/* Begin PBXFrameworksBuildPhase section */
		A63F82481D6DDEA500AF46DE /* Frameworks */ = {
			isa = PBXFrameworksBuildPhase;
			buildActionMask = 2147483647;
			files = (
			);
			runOnlyForDeploymentPostprocessing = 0;
		};
		A63F82611D6DDEA500AF46DE /* Frameworks */ = {
			isa = PBXFrameworksBuildPhase;
			buildActionMask = 2147483647;
			files = (
			);
			runOnlyForDeploymentPostprocessing = 0;
		};
/* End PBXFrameworksBuildPhase section */

/* Begin PBXGroup section */
		A63F82421D6DDEA500AF46DE = {
			isa = PBXGroup;
			children = (
				A63F824D1D6DDEA500AF46DE /* InterruptibleSequencer */,
				A63F82671D6DDEA500AF46DE /* InterruptibleSequencerTests */,
				A63F824C1D6DDEA500AF46DE /* Products */,
			);
			sourceTree = "<group>";
		};
		A63F824C1D6DDEA500AF46DE /* Products */ = {
			isa = PBXGroup;
			children = (
				A63F824B1D6DDEA500AF46DE /* InterruptibleSequencer.app */,
				A63F82641D6DDEA500AF46DE /* InterruptibleSequencerTests.xctest */,
			);
			name = Products;
			sourceTree = "<group>";
		};
		A63F824D1D6DDEA500AF46DE /* InterruptibleSequencer */ = {
			isa = PBXGroup;
			children = (
				A63F82731D6DDEC000AF46DE /* Sequencer */,
				A63F82511D6DDEA500AF46DE /* AppDelegate.h */,
				A63F82521D6DDEA500AF46DE /* AppDelegate.m */,
				A63F82541D6DDEA500AF46DE /* ViewController.h */,
				A63F82551D6DDEA500AF46DE /* ViewController.m */,
				A63F82571D6DDEA500AF46DE /* Main.storyboard */,
				A63F825A1D6DDEA500AF46DE /* Assets.xcassets */,
				A63F825C1D6DDEA500AF46DE /* LaunchScreen.storyboard */,
				A63F825F1D6DDEA500AF46DE /* Info.plist */,
				A63F824E1D6DDEA500AF46DE /* Supporting Files */,
				A63F827A1D6DE34900AF46DE /* MyInterruptibleSequencer.h */,
				A63F827B1D6DE34900AF46DE /* MyInterruptibleSequencer.m */,
			);
			path = InterruptibleSequencer;
			sourceTree = "<group>";
		};
		A63F824E1D6DDEA500AF46DE /* Supporting Files */ = {
			isa = PBXGroup;
			children = (
				A63F824F1D6DDEA500AF46DE /* main.m */,
			);
			name = "Supporting Files";
			sourceTree = "<group>";
		};
		A63F82671D6DDEA500AF46DE /* InterruptibleSequencerTests */ = {
			isa = PBXGroup;
			children = (
				A63F82681D6DDEA500AF46DE /* InterruptibleSequencerTests.m */,
				A63F826A1D6DDEA500AF46DE /* Info.plist */,
			);
			path = InterruptibleSequencerTests;
			sourceTree = "<group>";
		};
		A63F82731D6DDEC000AF46DE /* Sequencer */ = {
			isa = PBXGroup;
			children = (
				A63F82741D6DDEC000AF46DE /* InterruptibleSequencer.h */,
				A63F82751D6DDEC000AF46DE /* InterruptibleSequencer.m */,
				A63F82761D6DDEC000AF46DE /* Sequencer.h */,
				A63F82771D6DDEC000AF46DE /* Sequencer.m */,
			);
			name = Sequencer;
			path = ../../Sequencer;
			sourceTree = "<group>";
		};
/* End PBXGroup section */

/* Begin PBXNativeTarget section */
		A63F824A1D6DDEA500AF46DE /* InterruptibleSequencer */ = {
			isa = PBXNativeTarget;
			buildConfigurationList = A63F826D1D6DDEA500AF46DE /* Build configuration list for PBXNativeTarget "InterruptibleSequencer" */;
			buildPhases = (
				A63F82471D6DDEA500AF46DE /* Sources */,
				A63F82481D6DDEA500AF46DE /* Frameworks */,
				A63F82491D6DDEA500AF46DE /* Resources */,
			);
			buildRules = (
			);
			dependencies = (
			);
			name = InterruptibleSequencer;
			productName = InterruptibleSequencer;
			productReference = A63F824B1D6DDEA500AF46DE /* InterruptibleSequencer.app */;
			productType = "com.apple.product-type.application";
		};
		A63F82631D6DDEA500AF46DE /* InterruptibleSequencerTests */ = {
			isa = PBXNativeTarget;
			buildConfigurationList = A63F82701D6DDEA500AF46DE /* Build configuration list for PBXNativeTarget "InterruptibleSequencerTests" */;
			buildPhases = (
				A63F82601D6DDEA500AF46DE /* Sources */,
				A63F82611D6DDEA500AF46DE /* Frameworks */,
				A63F82621D6DDEA500AF46DE /* Resources */,
			);
			buildRules = (
			);
			dependencies = (
				A63F82661D6DDEA500AF46DE /* PBXTargetDependency */,
			);
			name = InterruptibleSequencerTests;
			productName = InterruptibleSequencerTests;
			productReference = A63F82641D6DDEA500AF46DE /* InterruptibleSequencerTests.xctest */;
			productType = "com.apple.product-type.bundle.unit-test";
		};
/* End PBXNativeTarget section */

/* Begin PBXProject section */
		A63F82431D6DDEA500AF46DE /* Project object */ = {
			isa = PBXProject;
			attributes = {
				LastUpgradeCheck = 0730;
				ORGANIZATIONNAME = "Grzegorz Maciak";
				TargetAttributes = {
					A63F824A1D6DDEA500AF46DE = {
						CreatedOnToolsVersion = 7.3.1;
					};
					A63F82631D6DDEA500AF46DE = {
						CreatedOnToolsVersion = 7.3.1;
						TestTargetID = A63F824A1D6DDEA500AF46DE;
					};
				};
			};
			buildConfigurationList = A63F82461D6DDEA500AF46DE /* Build configuration list for PBXProject "InterruptibleSequencer" */;
			compatibilityVersion = "Xcode 3.2";
			developmentRegion = English;
			hasScannedForEncodings = 0;
			knownRegions = (
				en,
				Base,
			);
			mainGroup = A63F82421D6DDEA500AF46DE;
			productRefGroup = A63F824C1D6DDEA500AF46DE /* Products */;
			projectDirPath = "";
			projectRoot = "";
			targets = (
				A63F824A1D6DDEA500AF46DE /* InterruptibleSequencer */,
				A63F82631D6DDEA500AF46DE /* InterruptibleSequencerTests */,
			);
		};
/* End PBXProject section */

/* Begin PBXResourcesBuildPhase section */
		A63F82491D6DDEA500AF46DE /* Resources */ = {
			isa = PBXResourcesBuildPhase;
			buildActionMask = 2147483647;
			files = (
				A63F825E1D6DDEA500AF46DE /* LaunchScreen.storyboard in Resources */,
				A63F825B1D6DDEA500AF46DE /* Assets.xcassets in Resources */,
				A63F82591D6DDEA500AF46DE /* Main.storyboard in Resources */,
			);
			runOnlyForDeploymentPostprocessing = 0;
		};
		A63F82621D6DDEA500AF46DE /* Resources */ = {
			isa = PBXResourcesBuildPhase;
			buildActionMask = 2147483647;
			files = (
			);
			runOnlyForDeploymentPostprocessing = 0;
		};
/* End PBXResourcesBuildPhase section */

/* Begin PBXSourcesBuildPhase section */
		A63F82471D6DDEA500AF46DE /* Sources */ = {
			isa = PBXSourcesBuildPhase;
			buildActionMask = 2147483647;
			files = (
				A63F82561D6DDEA500AF46DE /* ViewController.m in Sources */,
				A63F82791D6DDEC000AF46DE /* Sequencer.m in Sources */,
				A63F82531D6DDEA500AF46DE /* AppDelegate.m in Sources */,
				A63F827C1D6DE34900AF46DE /* MyInterruptibleSequencer.m in Sources */,
				A63F82781D6DDEC000AF46DE /* InterruptibleSequencer.m in Sources */,
				A63F82501D6DDEA500AF46DE /* main.m in Sources */,
			);
			runOnlyForDeploymentPostprocessing = 0;
		};
		A63F82601D6DDEA500AF46DE /* Sources */ = {
			isa = PBXSourcesBuildPhase;
			buildActionMask = 2147483647;
			files = (
				A63F82691D6DDEA500AF46DE /* InterruptibleSequencerTests.m in Sources */,
			);
			runOnlyForDeploymentPostprocessing = 0;
		};
/* End PBXSourcesBuildPhase section */

/* Begin PBXTargetDependency section */
		A63F82661D6DDEA500AF46DE /* PBXTargetDependency */ = {
			isa = PBXTargetDependency;
			target = A63F824A1D6DDEA500AF46DE /* InterruptibleSequencer */;
			targetProxy = A63F82651D6DDEA500AF46DE /* PBXContainerItemProxy */;
		};
/* End PBXTargetDependency section */

/* Begin PBXVariantGroup section */
		A63F82571D6DDEA500AF46DE /* Main.storyboard */ = {
			isa = PBXVariantGroup;
			children = (
				A63F82581D6DDEA500AF46DE /* Base */,
			);
			name = Main.storyboard;
			sourceTree = "<group>";
		};
		A63F825C1D6DDEA500AF46DE /* LaunchScreen.storyboard */ = {
			isa = PBXVariantGroup;
			children = (
				A63F825D1D6DDEA500AF46DE /* Base */,
			);
			name = LaunchScreen.storyboard;
			sourceTree = "<group>";
		};
/* End PBXVariantGroup section */

/* Begin XCBuildConfiguration section */
		A63F826B1D6DDEA500AF46DE /* Debug */ = {
			isa = XCBuildConfiguration;
			buildSettings = {
				ALWAYS_SEARCH_USER_PATHS = NO;
				CLANG_ANALYZER_NONNULL = YES;
				CLANG_CXX_LANGUAGE_STANDARD = "gnu++0x";
				CLANG_CXX_LIBRARY = "libc++";
				CLANG_ENABLE_MODULES = YES;
				CLANG_ENABLE_OBJC_ARC = YES;
				CLANG_WARN_BOOL_CONVERSION = YES;
				CLANG_WARN_CONSTANT_CONVERSION = YES;
				CLANG_WARN_DIRECT_OBJC_ISA_USAGE = YES_ERROR;
				CLANG_WARN_EMPTY_BODY = YES;
				CLANG_WARN_ENUM_CONVERSION = YES;
				CLANG_WARN_INT_CONVERSION = YES;
				CLANG_WARN_OBJC_ROOT_CLASS = YES_ERROR;
				CLANG_WARN_UNREACHABLE_CODE = YES;
				CLANG_WARN__DUPLICATE_METHOD_MATCH = YES;
				"CODE_SIGN_IDENTITY[sdk=iphoneos*]" = "iPhone Developer";
				COPY_PHASE_STRIP = NO;
				DEBUG_INFORMATION_FORMAT = dwarf;
				ENABLE_STRICT_OBJC_MSGSEND = YES;
				ENABLE_TESTABILITY = YES;
				GCC_C_LANGUAGE_STANDARD = gnu99;
				GCC_DYNAMIC_NO_PIC = NO;
				GCC_NO_COMMON_BLOCKS = YES;
				GCC_OPTIMIZATION_LEVEL = 0;
				GCC_PREPROCESSOR_DEFINITIONS = (
					"DEBUG=1",
					"$(inherited)",
				);
				GCC_WARN_64_TO_32_BIT_CONVERSION = YES;
				GCC_WARN_ABOUT_RETURN_TYPE = YES_ERROR;
				GCC_WARN_UNDECLARED_SELECTOR = YES;
				GCC_WARN_UNINITIALIZED_AUTOS = YES_AGGRESSIVE;
				GCC_WARN_UNUSED_FUNCTION = YES;
				GCC_WARN_UNUSED_VARIABLE = YES;
				IPHONEOS_DEPLOYMENT_TARGET = 9.3;
				MTL_ENABLE_DEBUG_INFO = YES;
				ONLY_ACTIVE_ARCH = YES;
				SDKROOT = iphoneos;
			};
			name = Debug;
		};
		A63F826C1D6DDEA500AF46DE /* Release */ = {
			isa = XCBuildConfiguration;
			buildSettings = {
				ALWAYS_SEARCH_USER_PATHS = NO;
				CLANG_ANALYZER_NONNULL = YES;
				CLANG_CXX_LANGUAGE_STANDARD = "gnu++0x";
				CLANG_CXX_LIBRARY = "libc++";
				CLANG_ENABLE_MODULES = YES;
				CLANG_ENABLE_OBJC_ARC = YES;
				CLANG_WARN_BOOL_CONVERSION = YES;
				CLANG_WARN_CONSTANT_CONVERSION = YES;
				CLANG_WARN_DIRECT_OBJC_ISA_USAGE = YES_ERROR;
				CLANG_WARN_EMPTY_BODY = YES;
				CLANG_WARN_ENUM_CONVERSION = YES;
				CLANG_WARN_INT_CONVERSION = YES;
				CLANG_WARN_OBJC_ROOT_CLASS = YES_ERROR;
				CLANG_WARN_UNREACHABLE_CODE = YES;
				CLANG_WARN__DUPLICATE_METHOD_MATCH = YES;
				"CODE_SIGN_IDENTITY[sdk=iphoneos*]" = "iPhone Developer";
				COPY_PHASE_STRIP = NO;
				DEBUG_INFORMATION_FORMAT = "dwarf-with-dsym";
				ENABLE_NS_ASSERTIONS = NO;
				ENABLE_STRICT_OBJC_MSGSEND = YES;
				GCC_C_LANGUAGE_STANDARD = gnu99;
				GCC_NO_COMMON_BLOCKS = YES;
				GCC_WARN_64_TO_32_BIT_CONVERSION = YES;
				GCC_WARN_ABOUT_RETURN_TYPE = YES_ERROR;
				GCC_WARN_UNDECLARED_SELECTOR = YES;
				GCC_WARN_UNINITIALIZED_AUTOS = YES_AGGRESSIVE;
				GCC_WARN_UNUSED_FUNCTION = YES;
				GCC_WARN_UNUSED_VARIABLE = YES;
				IPHONEOS_DEPLOYMENT_TARGET = 9.3;
				MTL_ENABLE_DEBUG_INFO = NO;
				SDKROOT = iphoneos;
				VALIDATE_PRODUCT = YES;
			};
			name = Release;
		};
		A63F826E1D6DDEA500AF46DE /* Debug */ = {
			isa = XCBuildConfiguration;
			buildSettings = {
				ASSETCATALOG_COMPILER_APPICON_NAME = AppIcon;
				INFOPLIST_FILE = InterruptibleSequencer/Info.plist;
				LD_RUNPATH_SEARCH_PATHS = "$(inherited) @executable_path/Frameworks";
				PRODUCT_BUNDLE_IDENTIFIER = prv.gm.InterruptibleSequencer;
				PRODUCT_NAME = "$(TARGET_NAME)";
			};
			name = Debug;
		};
		A63F826F1D6DDEA500AF46DE /* Release */ = {
			isa = XCBuildConfiguration;
			buildSettings = {
				ASSETCATALOG_COMPILER_APPICON_NAME = AppIcon;
				INFOPLIST_FILE = InterruptibleSequencer/Info.plist;
				LD_RUNPATH_SEARCH_PATHS = "$(inherited) @executable_path/Frameworks";
				PRODUCT_BUNDLE_IDENTIFIER = prv.gm.InterruptibleSequencer;
				PRODUCT_NAME = "$(TARGET_NAME)";
			};
			name = Release;
		};
		A63F82711D6DDEA500AF46DE /* Debug */ = {
			isa = XCBuildConfiguration;
			buildSettings = {
				BUNDLE_LOADER = "$(TEST_HOST)";
				INFOPLIST_FILE = InterruptibleSequencerTests/Info.plist;
				LD_RUNPATH_SEARCH_PATHS = "$(inherited) @executable_path/Frameworks @loader_path/Frameworks";
				PRODUCT_BUNDLE_IDENTIFIER = prv.gm.InterruptibleSequencerTests;
				PRODUCT_NAME = "$(TARGET_NAME)";
				TEST_HOST = "$(BUILT_PRODUCTS_DIR)/InterruptibleSequencer.app/InterruptibleSequencer";
			};
			name = Debug;
		};
		A63F82721D6DDEA500AF46DE /* Release */ = {
			isa = XCBuildConfiguration;
			buildSettings = {
				BUNDLE_LOADER = "$(TEST_HOST)";
				INFOPLIST_FILE = InterruptibleSequencerTests/Info.plist;
				LD_RUNPATH_SEARCH_PATHS = "$(inherited) @executable_path/Frameworks @loader_path/Frameworks";
				PRODUCT_BUNDLE_IDENTIFIER = prv.gm.InterruptibleSequencerTests;
				PRODUCT_NAME = "$(TARGET_NAME)";
				TEST_HOST = "$(BUILT_PRODUCTS_DIR)/InterruptibleSequencer.app/InterruptibleSequencer";
			};
			name = Release;
		};
/* End XCBuildConfiguration section */

/* Begin XCConfigurationList section */
		A63F82461D6DDEA500AF46DE /* Build configuration list for PBXProject "InterruptibleSequencer" */ = {
			isa = XCConfigurationList;
			buildConfigurations = (
				A63F826B1D6DDEA500AF46DE /* Debug */,
				A63F826C1D6DDEA500AF46DE /* Release */,
			);
			defaultConfigurationIsVisible = 0;
			defaultConfigurationName = Release;
		};
		A63F826D1D6DDEA500AF46DE /* Build configuration list for PBXNativeTarget "InterruptibleSequencer" */ = {
			isa = XCConfigurationList;
			buildConfigurations = (
				A63F826E1D6DDEA500AF46DE /* Debug */,
				A63F826F1D6DDEA500AF46DE /* Release */,
			);
			defaultConfigurationIsVisible = 0;
			defaultConfigurationName = Release;
		};
		A63F82701D6DDEA500AF46DE /* Build configuration list for PBXNativeTarget "InterruptibleSequencerTests" */ = {
			isa = XCConfigurationList;
			buildConfigurations = (
				A63F82711D6DDEA500AF46DE /* Debug */,
				A63F82721D6DDEA500AF46DE /* Release */,
			);
			defaultConfigurationIsVisible = 0;
			defaultConfigurationName = Release;
		};
/* End XCConfigurationList section */
	};
	rootObject = A63F82431D6DDEA500AF46DE /* Project object */;
}
